# This file is autogenerated, do not edit; changes may be undone by the next 'dep ensure'.


[[projects]]
  branch = "master"
  name = "golang.org/x/lint"
  packages = ["."]
  revision = "837967239b74207656c3f550e9dc6a944866c490"

[[projects]]
  branch = "master"
  name = "golang.org/x/tools"
  packages = [
    "go/ast/astutil",
    "go/gcexportdata",
    "go/gcimporter15",
    "go/types/typeutil"
  ]
  revision = "5ad4d95e58135daa27cc1463f290951ea6fe0809"

[solve-meta]
  analyzer-name = "dep"
  analyzer-version = 1
  inputs-digest = "18160ea9395f2ced7d3bf15999a278af2622f2fcfa280c64ce06dd1e75bd9e17"
  solver-name = "gps-cdcl"
  solver-version = 1
